// !$*UTF8*$!
{
	archiveVersion = 1;
	classes = {
	};
	objectVersion = 46;
	objects = {

/* Begin PBXBuildFile section */
		52EA30BE22DB68DA00018871 /* Orientation.m in Sources */ = {isa = PBXBuildFile; fileRef = 52EA30BD22DB68DA00018871 /* Orientation.m */; };
		52EA30BF22DB68DA00018871 /* Orientation.h in CopyFiles */ = {isa = PBXBuildFile; fileRef = 52EA30BC22DB68DA00018871 /* Orientation.h */; };
		52EA30D222DB6A0800018871 /* Orientation.m in Sources */ = {isa = PBXBuildFile; fileRef = 52EA30BD22DB68DA00018871 /* Orientation.m */; };
/* End PBXBuildFile section */

/* Begin PBXCopyFilesBuildPhase section */
		52EA30B722DB68DA00018871 /* CopyFiles */ = {
			isa = PBXCopyFilesBuildPhase;
			buildActionMask = 2147483647;
			dstPath = "include/$(PRODUCT_NAME)";
			dstSubfolderSpec = 16;
			files = (
				52EA30BF22DB68DA00018871 /* Orientation.h in CopyFiles */,
			);
			runOnlyForDeploymentPostprocessing = 0;
		};
		52EA30C722DB69B600018871 /* CopyFiles */ = {
			isa = PBXCopyFilesBuildPhase;
			buildActionMask = 2147483647;
			dstPath = "include/$(PRODUCT_NAME)";
			dstSubfolderSpec = 16;
			files = (
			);
			runOnlyForDeploymentPostprocessing = 0;
		};
/* End PBXCopyFilesBuildPhase section */

/* Begin PBXFileReference section */
		52EA30B922DB68DA00018871 /* libRCTOrientation.a */ = {isa = PBXFileReference; explicitFileType = archive.ar; includeInIndex = 0; path = libRCTOrientation.a; sourceTree = BUILT_PRODUCTS_DIR; };
		52EA30BC22DB68DA00018871 /* Orientation.h */ = {isa = PBXFileReference; lastKnownFileType = sourcecode.c.h; path = Orientation.h; sourceTree = "<group>"; };
		52EA30BD22DB68DA00018871 /* Orientation.m */ = {isa = PBXFileReference; lastKnownFileType = sourcecode.c.objc; path = Orientation.m; sourceTree = "<group>"; };
		52EA30C922DB69B600018871 /* libRCTOrientation-tvOS.a */ = {isa = PBXFileReference; explicitFileType = archive.ar; includeInIndex = 0; path = "libRCTOrientation-tvOS.a"; sourceTree = BUILT_PRODUCTS_DIR; };
/* End PBXFileReference section */

/* Begin PBXFrameworksBuildPhase section */
		52EA30B622DB68DA00018871 /* Frameworks */ = {
			isa = PBXFrameworksBuildPhase;
			buildActionMask = 2147483647;
			files = (
			);
			runOnlyForDeploymentPostprocessing = 0;
		};
		52EA30C622DB69B600018871 /* Frameworks */ = {
			isa = PBXFrameworksBuildPhase;
			buildActionMask = 2147483647;
			files = (
			);
			runOnlyForDeploymentPostprocessing = 0;
		};
/* End PBXFrameworksBuildPhase section */

/* Begin PBXGroup section */
		52EA30B022DB68DA00018871 = {
			isa = PBXGroup;
			children = (
				52EA30BB22DB68DA00018871 /* RCTOrientation */,
				52EA30BA22DB68DA00018871 /* Products */,
			);
			sourceTree = "<group>";
		};
		52EA30BA22DB68DA00018871 /* Products */ = {
			isa = PBXGroup;
			children = (
				52EA30B922DB68DA00018871 /* libRCTOrientation.a */,
				52EA30C922DB69B600018871 /* libRCTOrientation-tvOS.a */,
			);
			name = Products;
			sourceTree = "<group>";
		};
		52EA30BB22DB68DA00018871 /* RCTOrientation */ = {
			isa = PBXGroup;
			children = (
				52EA30BC22DB68DA00018871 /* Orientation.h */,
				52EA30BD22DB68DA00018871 /* Orientation.m */,
			);
			path = RCTOrientation;
			sourceTree = "<group>";
		};
/* End PBXGroup section */

/* Begin PBXNativeTarget section */
		52EA30B822DB68DA00018871 /* RCTOrientation */ = {
			isa = PBXNativeTarget;
			buildConfigurationList = 52EA30C222DB68DA00018871 /* Build configuration list for PBXNativeTarget "RCTOrientation" */;
			buildPhases = (
				52EA30B522DB68DA00018871 /* Sources */,
				52EA30B622DB68DA00018871 /* Frameworks */,
				52EA30B722DB68DA00018871 /* CopyFiles */,
			);
			buildRules = (
			);
			dependencies = (
			);
			name = RCTOrientation;
			productName = RCTOrientation;
			productReference = 52EA30B922DB68DA00018871 /* libRCTOrientation.a */;
			productType = "com.apple.product-type.library.static";
		};
		52EA30C822DB69B600018871 /* RCTOrientation-tvOS */ = {
			isa = PBXNativeTarget;
			buildConfigurationList = 52EA30CF22DB69B600018871 /* Build configuration list for PBXNativeTarget "RCTOrientation-tvOS" */;
			buildPhases = (
				52EA30C522DB69B600018871 /* Sources */,
				52EA30C622DB69B600018871 /* Frameworks */,
				52EA30C722DB69B600018871 /* CopyFiles */,
			);
			buildRules = (
			);
			dependencies = (
			);
			name = "RCTOrientation-tvOS";
			productName = "RCTOrientation-tvOS";
			productReference = 52EA30C922DB69B600018871 /* libRCTOrientation-tvOS.a */;
			productType = "com.apple.product-type.library.static";
		};
/* End PBXNativeTarget section */

/* Begin PBXProject section */
		52EA30B122DB68DA00018871 /* Project object */ = {
			isa = PBXProject;
			attributes = {
				LastUpgradeCheck = 0900;
				ORGANIZATIONNAME = Wonday;
				TargetAttributes = {
					52EA30B822DB68DA00018871 = {
						CreatedOnToolsVersion = 6.1.1;
					};
					52EA30C822DB69B600018871 = {
						CreatedOnToolsVersion = 6.1.1;
					};
				};
			};
			buildConfigurationList = 52EA30B422DB68DA00018871 /* Build configuration list for PBXProject "RCTOrientation" */;
			compatibilityVersion = "Xcode 3.2";
			developmentRegion = English;
			hasScannedForEncodings = 0;
			knownRegions = (
				en,
			);
			mainGroup = 52EA30B022DB68DA00018871;
			productRefGroup = 52EA30BA22DB68DA00018871 /* Products */;
			projectDirPath = "";
			projectRoot = "";
			targets = (
				52EA30B822DB68DA00018871 /* RCTOrientation */,
				52EA30C822DB69B600018871 /* RCTOrientation-tvOS */,
			);
		};
/* End PBXProject section */

/* Begin PBXSourcesBuildPhase section */
		52EA30B522DB68DA00018871 /* Sources */ = {
			isa = PBXSourcesBuildPhase;
			buildActionMask = 2147483647;
			files = (
				52EA30BE22DB68DA00018871 /* Orientation.m in Sources */,
			);
			runOnlyForDeploymentPostprocessing = 0;
		};
		52EA30C522DB69B600018871 /* Sources */ = {
			isa = PBXSourcesBuildPhase;
			buildActionMask = 2147483647;
			files = (
				52EA30D222DB6A0800018871 /* Orientation.m in Sources */,
			);
			runOnlyForDeploymentPostprocessing = 0;
		};
/* End PBXSourcesBuildPhase section */

/* Begin XCBuildConfiguration section */
		52EA30C022DB68DA00018871 /* Debug */ = {
			isa = XCBuildConfiguration;
			buildSettings = {
				ALWAYS_SEARCH_USER_PATHS = NO;
				CLANG_CXX_LANGUAGE_STANDARD = "gnu++0x";
				CLANG_CXX_LIBRARY = "libc++";
				CLANG_ENABLE_MODULES = YES;
				CLANG_ENABLE_OBJC_ARC = YES;
				CLANG_WARN_BLOCK_CAPTURE_AUTORELEASING = YES;
				CLANG_WARN_BOOL_CONVERSION = YES;
				CLANG_WARN_COMMA = YES;
				CLANG_WARN_CONSTANT_CONVERSION = YES;
				CLANG_WARN_DIRECT_OBJC_ISA_USAGE = YES_ERROR;
				CLANG_WARN_EMPTY_BODY = YES;
				CLANG_WARN_ENUM_CONVERSION = YES;
				CLANG_WARN_INFINITE_RECURSION = YES;
				CLANG_WARN_INT_CONVERSION = YES;
				CLANG_WARN_NON_LITERAL_NULL_CONVERSION = YES;
				CLANG_WARN_OBJC_LITERAL_CONVERSION = YES;
				CLANG_WARN_OBJC_ROOT_CLASS = YES_ERROR;
				CLANG_WARN_RANGE_LOOP_ANALYSIS = YES;
				CLANG_WARN_STRICT_PROTOTYPES = YES;
				CLANG_WARN_SUSPICIOUS_MOVE = YES;
				CLANG_WARN_UNREACHABLE_CODE = YES;
				CLANG_WARN__DUPLICATE_METHOD_MATCH = YES;
				COPY_PHASE_STRIP = NO;
				ENABLE_STRICT_OBJC_MSGSEND = YES;
				ENABLE_TESTABILITY = YES;
				GCC_C_LANGUAGE_STANDARD = gnu99;
				GCC_DYNAMIC_NO_PIC = NO;
				GCC_NO_COMMON_BLOCKS = YES;
				GCC_OPTIMIZATION_LEVEL = 0;
				GCC_PREPROCESSOR_DEFINITIONS = (
					"DEBUG=1",
					"$(inherited)",
				);
				GCC_SYMBOLS_PRIVATE_EXTERN = NO;
				GCC_WARN_64_TO_32_BIT_CONVERSION = YES;
				GCC_WARN_ABOUT_RETURN_TYPE = YES_ERROR;
				GCC_WARN_UNDECLARED_SELECTOR = YES;
				GCC_WARN_UNINITIALIZED_AUTOS = YES_AGGRESSIVE;
				GCC_WARN_UNUSED_FUNCTION = YES;
				GCC_WARN_UNUSED_VARIABLE = YES;
				IPHONEOS_DEPLOYMENT_TARGET = 8.0;
				MTL_ENABLE_DEBUG_INFO = YES;
				ONLY_ACTIVE_ARCH = YES;
				SDKROOT = iphoneos;
			};
			name = Debug;
		};
		52EA30C122DB68DA00018871 /* Release */ = {
			isa = XCBuildConfiguration;
			buildSettings = {
				ALWAYS_SEARCH_USER_PATHS = NO;
				CLANG_CXX_LANGUAGE_STANDARD = "gnu++0x";
				CLANG_CXX_LIBRARY = "libc++";
				CLANG_ENABLE_MODULES = YES;
				CLANG_ENABLE_OBJC_ARC = YES;
				CLANG_WARN_BLOCK_CAPTURE_AUTORELEASING = YES;
				CLANG_WARN_BOOL_CONVERSION = YES;
				CLANG_WARN_COMMA = YES;
				CLANG_WARN_CONSTANT_CONVERSION = YES;
				CLANG_WARN_DIRECT_OBJC_ISA_USAGE = YES_ERROR;
				CLANG_WARN_EMPTY_BODY = YES;
				CLANG_WARN_ENUM_CONVERSION = YES;
				CLANG_WARN_INFINITE_RECURSION = YES;
				CLANG_WARN_INT_CONVERSION = YES;
				CLANG_WARN_NON_LITERAL_NULL_CONVERSION = YES;
				CLANG_WARN_OBJC_LITERAL_CONVERSION = YES;
				CLANG_WARN_OBJC_ROOT_CLASS = YES_ERROR;
				CLANG_WARN_RANGE_LOOP_ANALYSIS = YES;
				CLANG_WARN_STRICT_PROTOTYPES = YES;
				CLANG_WARN_SUSPICIOUS_MOVE = YES;
				CLANG_WARN_UNREACHABLE_CODE = YES;
				CLANG_WARN__DUPLICATE_METHOD_MATCH = YES;
				COPY_PHASE_STRIP = YES;
				ENABLE_NS_ASSERTIONS = NO;
				ENABLE_STRICT_OBJC_MSGSEND = YES;
				GCC_C_LANGUAGE_STANDARD = gnu99;
				GCC_NO_COMMON_BLOCKS = YES;
				GCC_WARN_64_TO_32_BIT_CONVERSION = YES;
				GCC_WARN_ABOUT_RETURN_TYPE = YES_ERROR;
				GCC_WARN_UNDECLARED_SELECTOR = YES;
				GCC_WARN_UNINITIALIZED_AUTOS = YES_AGGRESSIVE;
				GCC_WARN_UNUSED_FUNCTION = YES;
				GCC_WARN_UNUSED_VARIABLE = YES;
				IPHONEOS_DEPLOYMENT_TARGET = 8.0;
				MTL_ENABLE_DEBUG_INFO = NO;
				SDKROOT = iphoneos;
				VALIDATE_PRODUCT = YES;
			};
			name = Release;
		};
		52EA30C322DB68DA00018871 /* Debug */ = {
			isa = XCBuildConfiguration;
			buildSettings = {
				HEADER_SEARCH_PATHS = (
					"$(inherited)",
					/Applications/Xcode.app/Contents/Developer/Toolchains/XcodeDefault.xctoolchain/usr/include,
					"$(SRCROOT)/../../React/**",
					"$(SRCROOT)/../../react-native/React/**",
				);
				LIBRARY_SEARCH_PATHS = "$(inherited)";
				OTHER_LDFLAGS = "-ObjC";
				PRODUCT_NAME = "RCTOrientation";
				SKIP_INSTALL = YES;
			};
			name = Debug;
		};
		52EA30C422DB68DA00018871 /* Release */ = {
			isa = XCBuildConfiguration;
			buildSettings = {
				HEADER_SEARCH_PATHS = (
					"$(inherited)",
					/Applications/Xcode.app/Contents/Developer/Toolchains/XcodeDefault.xctoolchain/usr/include,
					"$(SRCROOT)/../../React/**",
					"$(SRCROOT)/../../react-native/React/**",
				);
				LIBRARY_SEARCH_PATHS = "$(inherited)";
				OTHER_LDFLAGS = "-ObjC";
				PRODUCT_NAME = "RCTOrientation";
				SKIP_INSTALL = YES;
			};
			name = Release;
		};
		52EA30D022DB69B600018871 /* Debug */ = {
			isa = XCBuildConfiguration;
			buildSettings = {
				HEADER_SEARCH_PATHS = (
					"$(inherited)",
					/Applications/Xcode.app/Contents/Developer/Toolchains/XcodeDefault.xctoolchain/usr/include,
					"$(SRCROOT)/../../React/**",
					"$(SRCROOT)/../../react-native/React/**",
				);
				LIBRARY_SEARCH_PATHS = "$(inherited)";
				OTHER_LDFLAGS = "-ObjC";
				PRODUCT_NAME = "RCTOrientation-tvOS";
				SKIP_INSTALL = YES;
				SUPPORTED_PLATFORMS = "appletvsimulator appletvos";
			};
			name = Debug;
		};
		52EA30D122DB69B600018871 /* Release */ = {
			isa = XCBuildConfiguration;
			buildSettings = {
				HEADER_SEARCH_PATHS = (
					"$(inherited)",
					/Applications/Xcode.app/Contents/Developer/Toolchains/XcodeDefault.xctoolchain/usr/include,
					"$(SRCROOT)/../../React/**",
					"$(SRCROOT)/../../react-native/React/**",
				);
				LIBRARY_SEARCH_PATHS = "$(inherited)";
				OTHER_LDFLAGS = "-ObjC";
				PRODUCT_NAME = "RCTOrientation-tvOS";
				SKIP_INSTALL = YES;
				SUPPORTED_PLATFORMS = "appletvsimulator appletvos";
			};
			name = Release;
		};
/* End XCBuildConfiguration section */

/* Begin XCConfigurationList section */
		52EA30B422DB68DA00018871 /* Build configuration list for PBXProject "RCTOrientation" */ = {
			isa = XCConfigurationList;
			buildConfigurations = (
				52EA30C022DB68DA00018871 /* Debug */,
				52EA30C122DB68DA00018871 /* Release */,
			);
			defaultConfigurationIsVisible = 0;
			defaultConfigurationName = Release;
		};
		52EA30C222DB68DA00018871 /* Build configuration list for PBXNativeTarget "RCTOrientation" */ = {
			isa = XCConfigurationList;
			buildConfigurations = (
				52EA30C322DB68DA00018871 /* Debug */,
				52EA30C422DB68DA00018871 /* Release */,
			);
			defaultConfigurationIsVisible = 0;
			defaultConfigurationName = Release;
		};
		52EA30CF22DB69B600018871 /* Build configuration list for PBXNativeTarget "RCTOrientation-tvOS" */ = {
			isa = XCConfigurationList;
			buildConfigurations = (
				52EA30D022DB69B600018871 /* Debug */,
				52EA30D122DB69B600018871 /* Release */,
			);
			defaultConfigurationIsVisible = 0;
			defaultConfigurationName = Release;
		};
/* End XCConfigurationList section */
	};
	rootObject = 52EA30B122DB68DA00018871 /* Project object */;
}
